
Microsoft Visual Studio Solution File, Format Version 12.00
# Visual Studio Version 17
VisualStudioVersion = 17.2.32616.157
MinimumVisualStudioVersion = 10.0.40219.1
Project("{9A19103F-16F7-4668-BE54-9A1E7A4F7556}") = "Pmad.Cartography", "MapToolkit\Pmad.Cartography.csproj", "{A7C154E7-F4A6-49AD-91DD-C1CF32650B50}"
EndProject
Project("{9A19103F-16F7-4668-BE54-9A1E7A4F7556}") = "DemUtility", "DemUtility\DemUtility.csproj", "{76B611A8-6A27-4338-8F84-BA4C74F2E518}"
EndProject
Project("{9A19103F-16F7-4668-BE54-9A1E7A4F7556}") = "Pmad.Cartography.Test", "MapToolkit.Test\Pmad.Cartography.Test.csproj", "{F797D011-4BE7-435F-9F5F-0E52140B787A}"
EndProject
Project("{9A19103F-16F7-4668-BE54-9A1E7A4F7556}") = "Pmad.Drawing", "Pmad.Drawing\Pmad.Drawing.csproj", "{CD89FBC4-5213-4908-9B77-421C73CFFB6D}"
EndProject
Project("{9A19103F-16F7-4668-BE54-9A1E7A4F7556}") = "Pmad.Drawing.Test", "Pmad.Drawing.Test\Pmad.Drawing.Test.csproj", "{789FFCD4-375D-4201-BCEA-776B3A8D2EAB}"
EndProject
Project("{FAE04EC0-301F-11D3-BF4B-00C04F79EFBC}") = "Pmad.Cartography.Drawing", "Pmad.Cartography.Drawing\Pmad.Cartography.Drawing.csproj", "{A4A7588A-0141-4D37-A614-4E889006CF1F}"
EndProject
Project("{2150E333-8FDC-42A3-9474-1A3956D46DE8}") = "Éléments de solution", "Éléments de solution", "{C99F2FD4-2553-47CE-A103-395CE9F148CB}"
	ProjectSection(SolutionItems) = preProject
		.github\workflows\dotnet-linux-pr.yml = .github\workflows\dotnet-linux-pr.yml
		.github\workflows\dotnet-linux-pub.yml = .github\workflows\dotnet-linux-pub.yml
		.github\workflows\dotnet-linux.yml = .github\workflows\dotnet-linux.yml
		README.md = README.md
	EndProjectSection
EndProject
Project("{FAE04EC0-301F-11D3-BF4B-00C04F79EFBC}") = "Pmad.Cartography.Drawing.Test", "Pmad.Cartography.Drawing.Test\Pmad.Cartography.Drawing.Test.csproj", "{DC21E7FB-E6D1-4EF9-8401-D0D4AA784DF7}"
EndProject
Project("{2150E333-8FDC-42A3-9474-1A3956D46DE8}") = "Tests", "Tests", "{1BBD068A-5F5B-49FE-B391-B762ECDB31C9}"
EndProject
Global
	GlobalSection(SolutionConfigurationPlatforms) = preSolution
		Debug|Any CPU = Debug|Any CPU
		Release|Any CPU = Release|Any CPU
	EndGlobalSection
	GlobalSection(ProjectConfigurationPlatforms) = postSolution
		{A7C154E7-F4A6-49AD-91DD-C1CF32650B50}.Debug|Any CPU.ActiveCfg = Debug|Any CPU
		{A7C154E7-F4A6-49AD-91DD-C1CF32650B50}.Debug|Any CPU.Build.0 = Debug|Any CPU
		{A7C154E7-F4A6-49AD-91DD-C1CF32650B50}.Release|Any CPU.ActiveCfg = Release|Any CPU
		{A7C154E7-F4A6-49AD-91DD-C1CF32650B50}.Release|Any CPU.Build.0 = Release|Any CPU
		{76B611A8-6A27-4338-8F84-BA4C74F2E518}.Debug|Any CPU.ActiveCfg = Debug|Any CPU
		{76B611A8-6A27-4338-8F84-BA4C74F2E518}.Debug|Any CPU.Build.0 = Debug|Any CPU
		{76B611A8-6A27-4338-8F84-BA4C74F2E518}.Release|Any CPU.ActiveCfg = Release|Any CPU
		{76B611A8-6A27-4338-8F84-BA4C74F2E518}.Release|Any CPU.Build.0 = Release|Any CPU
		{F797D011-4BE7-435F-9F5F-0E52140B787A}.Debug|Any CPU.ActiveCfg = Debug|Any CPU
		{F797D011-4BE7-435F-9F5F-0E52140B787A}.Debug|Any CPU.Build.0 = Debug|Any CPU
		{F797D011-4BE7-435F-9F5F-0E52140B787A}.Release|Any CPU.ActiveCfg = Release|Any CPU
		{F797D011-4BE7-435F-9F5F-0E52140B787A}.Release|Any CPU.Build.0 = Release|Any CPU
		{CD89FBC4-5213-4908-9B77-421C73CFFB6D}.Debug|Any CPU.ActiveCfg = Debug|Any CPU
		{CD89FBC4-5213-4908-9B77-421C73CFFB6D}.Debug|Any CPU.Build.0 = Debug|Any CPU
		{CD89FBC4-5213-4908-9B77-421C73CFFB6D}.Release|Any CPU.ActiveCfg = Release|Any CPU
		{CD89FBC4-5213-4908-9B77-421C73CFFB6D}.Release|Any CPU.Build.0 = Release|Any CPU
		{789FFCD4-375D-4201-BCEA-776B3A8D2EAB}.Debug|Any CPU.ActiveCfg = Debug|Any CPU
		{789FFCD4-375D-4201-BCEA-776B3A8D2EAB}.Debug|Any CPU.Build.0 = Debug|Any CPU
		{789FFCD4-375D-4201-BCEA-776B3A8D2EAB}.Release|Any CPU.ActiveCfg = Release|Any CPU
		{789FFCD4-375D-4201-BCEA-776B3A8D2EAB}.Release|Any CPU.Build.0 = Release|Any CPU
		{A4A7588A-0141-4D37-A614-4E889006CF1F}.Debug|Any CPU.ActiveCfg = Debug|Any CPU
		{A4A7588A-0141-4D37-A614-4E889006CF1F}.Debug|Any CPU.Build.0 = Debug|Any CPU
		{A4A7588A-0141-4D37-A614-4E889006CF1F}.Release|Any CPU.ActiveCfg = Release|Any CPU
		{A4A7588A-0141-4D37-A614-4E889006CF1F}.Release|Any CPU.Build.0 = Release|Any CPU
		{DC21E7FB-E6D1-4EF9-8401-D0D4AA784DF7}.Debug|Any CPU.ActiveCfg = Debug|Any CPU
		{DC21E7FB-E6D1-4EF9-8401-D0D4AA784DF7}.Debug|Any CPU.Build.0 = Debug|Any CPU
		{DC21E7FB-E6D1-4EF9-8401-D0D4AA784DF7}.Release|Any CPU.ActiveCfg = Release|Any CPU
		{DC21E7FB-E6D1-4EF9-8401-D0D4AA784DF7}.Release|Any CPU.Build.0 = Release|Any CPU
	EndGlobalSection
	GlobalSection(SolutionProperties) = preSolution
		HideSolutionNode = FALSE
	EndGlobalSection
	GlobalSection(NestedProjects) = preSolution
		{F797D011-4BE7-435F-9F5F-0E52140B787A} = {1BBD068A-5F5B-49FE-B391-B762ECDB31C9}
		{789FFCD4-375D-4201-BCEA-776B3A8D2EAB} = {1BBD068A-5F5B-49FE-B391-B762ECDB31C9}
		{DC21E7FB-E6D1-4EF9-8401-D0D4AA784DF7} = {1BBD068A-5F5B-49FE-B391-B762ECDB31C9}
	EndGlobalSection
	GlobalSection(ExtensibilityGlobals) = postSolution
		SolutionGuid = {2496CF15-57E0-4409-AD08-7A98882B0088}
	EndGlobalSection
EndGlobal
